# This file is autogenerated, do not edit; changes may be undone by the next 'dep ensure'.


[[projects]]
  branch = "master"
  digest = "1:15acb7298c824cd76cc082dc492fceac06984ff9ab73c65e63bca9b9a018d7a6"
  name = "github.com/djansyle/go-eventsource"
  packages = ["."]
  pruneopts = "UT"
  revision = "a65454c8472f524d5e839f17641307a594934336"

[[projects]]
  branch = "master"
  digest = "1:07140f50620656933972875b84ccbf2d21cd257f4c41f65932aee74e64187c85"
  name = "github.com/djansyle/go-rabbit"
  packages = ["."]
  pruneopts = "UT"
  revision = "b83628dae45b12b0e706593c5ee9ed272606f572"

[[projects]]
  digest = "1:5b3b29ce0e569f62935d9541dff2e16cc09df981ebde48e82259076a73a3d0c7"
  name = "github.com/op/go-logging"
  packages = ["."]
  pruneopts = "UT"
  revision = "b2cb9fa56473e98db8caba80237377e83fe44db5"
  version = "v1"

[[projects]]
  digest = "1:274f67cb6fed9588ea2521ecdac05a6d62a8c51c074c1fccc6a49a40ba80e925"
  name = "github.com/satori/go.uuid"
  packages = ["."]
  pruneopts = "UT"
  revision = "f58768cc1a7a7e77a3bd49e98cdd21419399b6a3"
  version = "v1.2.0"

[[projects]]
  branch = "master"
  digest = "1:d6bb6f3240a488ffe5bb6952b513569d009927dcb20ff94885f87b76cef2b698"
  name = "github.com/streadway/amqp"
  packages = ["."]
  pruneopts = "UT"
  revision = "75d898a42a940fbc854dfd1a4199eabdc00cf024"

[solve-meta]
  analyzer-name = "dep"
  analyzer-version = 1
  input-imports = [
    "github.com/djansyle/go-eventsource",
    "github.com/djansyle/go-rabbit",
    "github.com/op/go-logging",
  ]
  solver-name = "gps-cdcl"
  solver-version = 1
